
Microsoft Visual Studio Solution File, Format Version 12.00
# Visual Studio 15
VisualStudioVersion = 15.0.28307.1209
MinimumVisualStudioVersion = 10.0.40219.1
Project("{FAE04EC0-301F-11D3-BF4B-00C04F79EFBC}") = "DataBaseProject", "DataBaseProject\DataBaseProject.csproj", "{32B36313-D42D-4F0F-A05E-CCE4D313B8AF}"
EndProject
Global
	GlobalSection(SolutionConfigurationPlatforms) = preSolution
		Debug|Any CPU = Debug|Any CPU
		Release|Any CPU = Release|Any CPU
	EndGlobalSection
	GlobalSection(ProjectConfigurationPlatforms) = postSolution
		{32B36313-D42D-4F0F-A05E-CCE4D313B8AF}.Debug|Any CPU.ActiveCfg = Debug|Any CPU
		{32B36313-D42D-4F0F-A05E-CCE4D313B8AF}.Debug|Any CPU.Build.0 = Debug|Any CPU
		{32B36313-D42D-4F0F-A05E-CCE4D313B8AF}.Release|Any CPU.ActiveCfg = Release|Any CPU
		{32B36313-D42D-4F0F-A05E-CCE4D313B8AF}.Release|Any CPU.Build.0 = Release|Any CPU
	EndGlobalSection
	GlobalSection(SolutionProperties) = preSolution
		HideSolutionNode = FALSE
	EndGlobalSection
	GlobalSection(ExtensibilityGlobals) = postSolution
		SolutionGuid = {DF7275C2-771F-45A5-B2C9-25C3559A520C}
	EndGlobalSection
EndGlobal
